
Microsoft Visual Studio Solution File, Format Version 12.00
# Visual Studio 15
VisualStudioVersion = 15.0.27130.2027
MinimumVisualStudioVersion = 10.0.40219.1
Project("{9A19103F-16F7-4668-BE54-9A1E7A4F7556}") = "DotNetCore.Core", "Lib\DotNetCore.Core\DotNetCore.Core.csproj", "{2067B847-082B-40BA-99BA-1C8C3A8F2E4B}"
EndProject
Project("{9A19103F-16F7-4668-BE54-9A1E7A4F7556}") = "DotNetCore.Core.Base", "Lib\DotNetCore.Core.Base\DotNetCore.Core.Base.csproj", "{66C972A8-5E3A-4C30-984D-81025A2BD2FE}"
EndProject
Project("{9A19103F-16F7-4668-BE54-9A1E7A4F7556}") = "DotNetCore.Domain", "Lib\DotNetCore.Domain\DotNetCore.Domain.csproj", "{B9434EC3-1F6D-4C7D-94A4-54E210D1FC38}"
EndProject
Project("{9A19103F-16F7-4668-BE54-9A1E7A4F7556}") = "DotNetCore.Framework", "DotNetCore.Framework\DotNetCore.Framework.csproj", "{786F26CA-CB8A-403F-A7C0-1DE84A60A290}"
EndProject
Project("{9A19103F-16F7-4668-BE54-9A1E7A4F7556}") = "DotNetCore.SSO", "DotNetCore.SSO\DotNetCore.SSO.csproj", "{8BF0D831-EC94-4DC9-91A1-C9AE01E4F694}"
EndProject
Project("{FAE04EC0-301F-11D3-BF4B-00C04F79EFBC}") = "DotNetCore.Api", "DotNetCore.Api\DotNetCore.Api.csproj", "{F48D2BAB-1646-4BF9-8AFB-5E6C8E78DF21}"
EndProject
Global
	GlobalSection(SolutionConfigurationPlatforms) = preSolution
		Debug|Any CPU = Debug|Any CPU
		Release|Any CPU = Release|Any CPU
	EndGlobalSection
	GlobalSection(ProjectConfigurationPlatforms) = postSolution
		{2067B847-082B-40BA-99BA-1C8C3A8F2E4B}.Debug|Any CPU.ActiveCfg = Debug|Any CPU
		{2067B847-082B-40BA-99BA-1C8C3A8F2E4B}.Debug|Any CPU.Build.0 = Debug|Any CPU
		{2067B847-082B-40BA-99BA-1C8C3A8F2E4B}.Release|Any CPU.ActiveCfg = Release|Any CPU
		{2067B847-082B-40BA-99BA-1C8C3A8F2E4B}.Release|Any CPU.Build.0 = Release|Any CPU
		{66C972A8-5E3A-4C30-984D-81025A2BD2FE}.Debug|Any CPU.ActiveCfg = Debug|Any CPU
		{66C972A8-5E3A-4C30-984D-81025A2BD2FE}.Debug|Any CPU.Build.0 = Debug|Any CPU
		{66C972A8-5E3A-4C30-984D-81025A2BD2FE}.Release|Any CPU.ActiveCfg = Release|Any CPU
		{66C972A8-5E3A-4C30-984D-81025A2BD2FE}.Release|Any CPU.Build.0 = Release|Any CPU
		{B9434EC3-1F6D-4C7D-94A4-54E210D1FC38}.Debug|Any CPU.ActiveCfg = Debug|Any CPU
		{B9434EC3-1F6D-4C7D-94A4-54E210D1FC38}.Debug|Any CPU.Build.0 = Debug|Any CPU
		{B9434EC3-1F6D-4C7D-94A4-54E210D1FC38}.Release|Any CPU.ActiveCfg = Release|Any CPU
		{B9434EC3-1F6D-4C7D-94A4-54E210D1FC38}.Release|Any CPU.Build.0 = Release|Any CPU
		{786F26CA-CB8A-403F-A7C0-1DE84A60A290}.Debug|Any CPU.ActiveCfg = Debug|Any CPU
		{786F26CA-CB8A-403F-A7C0-1DE84A60A290}.Debug|Any CPU.Build.0 = Debug|Any CPU
		{786F26CA-CB8A-403F-A7C0-1DE84A60A290}.Release|Any CPU.ActiveCfg = Release|Any CPU
		{786F26CA-CB8A-403F-A7C0-1DE84A60A290}.Release|Any CPU.Build.0 = Release|Any CPU
		{8BF0D831-EC94-4DC9-91A1-C9AE01E4F694}.Debug|Any CPU.ActiveCfg = Debug|Any CPU
		{8BF0D831-EC94-4DC9-91A1-C9AE01E4F694}.Debug|Any CPU.Build.0 = Debug|Any CPU
		{8BF0D831-EC94-4DC9-91A1-C9AE01E4F694}.Release|Any CPU.ActiveCfg = Release|Any CPU
		{8BF0D831-EC94-4DC9-91A1-C9AE01E4F694}.Release|Any CPU.Build.0 = Release|Any CPU
		{F48D2BAB-1646-4BF9-8AFB-5E6C8E78DF21}.Debug|Any CPU.ActiveCfg = Debug|Any CPU
		{F48D2BAB-1646-4BF9-8AFB-5E6C8E78DF21}.Debug|Any CPU.Build.0 = Debug|Any CPU
		{F48D2BAB-1646-4BF9-8AFB-5E6C8E78DF21}.Release|Any CPU.ActiveCfg = Release|Any CPU
		{F48D2BAB-1646-4BF9-8AFB-5E6C8E78DF21}.Release|Any CPU.Build.0 = Release|Any CPU
	EndGlobalSection
	GlobalSection(SolutionProperties) = preSolution
		HideSolutionNode = FALSE
	EndGlobalSection
	GlobalSection(ExtensibilityGlobals) = postSolution
		SolutionGuid = {88E6FEBF-C3BB-4B46-A4F6-842F6AE3BD87}
	EndGlobalSection
EndGlobal
